{
  "version": "5",
  "redirects": {
    "https://esm.sh/@supabase/supabase-js@2": "https://esm.sh/@supabase/supabase-js@2.92.0",
    "https://esm.sh/iceberg-js@^0.8.1?target=denonext": "https://esm.sh/iceberg-js@0.8.1?target=denonext"
  },
  "remote": {
    "https://esm.sh/@supabase/auth-js@2.92.0/denonext/auth-js.mjs": "77ea54eb72ec2d4a1f300f4f091f9e3883c74fc2bb7fa0efb0aac0c2d6f32d65",
    "https://esm.sh/@supabase/functions-js@2.92.0/denonext/functions-js.mjs": "6739d94365734922867f9b15d03af7c20560f6c3ab870867ff2a5254dc5184a7",
    "https://esm.sh/@supabase/postgrest-js@2.92.0/denonext/postgrest-js.mjs": "c7526650bc95610e52aa5dc4bfa9f2101cdbcea17bb94837362c08cc1cc26368",
    "https://esm.sh/@supabase/realtime-js@2.92.0/denonext/realtime-js.mjs": "526d253d51239c6deb14895f0861c913f51ad43553ce8431a2bb0436244572f5",
    "https://esm.sh/@supabase/storage-js@2.92.0/denonext/storage-js.mjs": "34372ffda79c914f4b0071c0c32a87d257ca9954999f18d5319257fe21d5d1be",
    "https://esm.sh/@supabase/supabase-js@2.92.0": "a592f51988efd257abbfe69622ca115f485edfb1c6379fbbfc55ed8b7368d266",
    "https://esm.sh/@supabase/supabase-js@2.92.0/denonext/supabase-js.mjs": "290f17168fba43055709a373844e07b7d777dd2333498660ecca7e14e2acc663",
    "https://esm.sh/iceberg-js@0.8.1/denonext/iceberg-js.mjs": "d839d81a2e3966500ca2cdd0c1cb458e9608bacfc91f7bb67a69b2e878dcdb4f",
    "https://esm.sh/iceberg-js@0.8.1?target=denonext": "58c849d7fe2bf4eca4a84eb501e83c161a7d8c34ca1bec15a962b3bec3062633",
    "https://esm.sh/tslib@2.8.1/denonext/tslib.mjs": "ebce3cd5facb654623020337f867b426ba95f71596ba87acc9e6c6f4e55905ca"
  },
  "workspace": {
    "packageJson": {
      "dependencies": [
        "npm:@eslint/js@^9.9.0",
        "npm:@google-ai/generativelanguage@^3.4.1",
        "npm:@google-cloud/documentai@^9.5.0",
        "npm:@google/generative-ai@~0.24.1",
        "npm:@hookform/resolvers@^3.9.0",
        "npm:@radix-ui/react-accordion@^1.2.0",
        "npm:@radix-ui/react-alert-dialog@^1.1.1",
        "npm:@radix-ui/react-aspect-ratio@^1.1.0",
        "npm:@radix-ui/react-avatar@^1.1.0",
        "npm:@radix-ui/react-checkbox@^1.1.1",
        "npm:@radix-ui/react-collapsible@^1.1.0",
        "npm:@radix-ui/react-context-menu@^2.2.1",
        "npm:@radix-ui/react-dialog@^1.1.2",
        "npm:@radix-ui/react-dropdown-menu@^2.1.1",
        "npm:@radix-ui/react-hover-card@^1.1.1",
        "npm:@radix-ui/react-label@^2.1.0",
        "npm:@radix-ui/react-menubar@^1.1.1",
        "npm:@radix-ui/react-navigation-menu@^1.2.0",
        "npm:@radix-ui/react-popover@^1.1.1",
        "npm:@radix-ui/react-progress@^1.1.0",
        "npm:@radix-ui/react-radio-group@^1.2.0",
        "npm:@radix-ui/react-scroll-area@^1.1.0",
        "npm:@radix-ui/react-select@^2.1.1",
        "npm:@radix-ui/react-separator@^1.1.0",
        "npm:@radix-ui/react-slider@^1.2.0",
        "npm:@radix-ui/react-slot@^1.1.0",
        "npm:@radix-ui/react-switch@^1.1.0",
        "npm:@radix-ui/react-tabs@^1.1.0",
        "npm:@radix-ui/react-toast@^1.2.1",
        "npm:@radix-ui/react-toggle-group@^1.1.0",
        "npm:@radix-ui/react-toggle@^1.1.0",
        "npm:@radix-ui/react-tooltip@^1.1.4",
        "npm:@sendgrid/mail@^8.1.5",
        "npm:@supabase/supabase-js@^2.51.0",
        "npm:@tailwindcss/typography@~0.5.15",
        "npm:@tanstack/react-query@^5.56.2",
        "npm:@types/jspdf@^1.3.3",
        "npm:@types/node@^22.5.5",
        "npm:@types/papaparse@^5.3.16",
        "npm:@types/react-dom@^18.3.0",
        "npm:@types/react@^18.3.3",
        "npm:@vitejs/plugin-react-swc@^3.5.0",
        "npm:autoprefixer@^10.4.20",
        "npm:class-variance-authority@~0.7.1",
        "npm:clsx@^2.1.1",
        "npm:cmdk@1",
        "npm:crypto-js@^4.2.0",
        "npm:date-fns@^3.6.0",
        "npm:embla-carousel-react@^8.3.0",
        "npm:eslint-plugin-react-hooks@^5.1.0-rc.0",
        "npm:eslint-plugin-react-refresh@~0.4.9",
        "npm:eslint@^9.9.0",
        "npm:framer-motion@^12.23.6",
        "npm:globals@^15.9.0",
        "npm:inngest@^3.44.4",
        "npm:input-otp@^1.2.4",
        "npm:jspdf-autotable@^5.0.2",
        "npm:jspdf@^3.0.1",
        "npm:lucide-react@0.462",
        "npm:mammoth@^1.11.0",
        "npm:multer@^2.0.2",
        "npm:next-themes@0.3",
        "npm:papaparse@^5.5.3",
        "npm:pdf-parse@^2.4.5",
        "npm:pdfjs-dist@^3.11.174",
        "npm:postcss@^8.4.47",
        "npm:react-day-picker@^8.10.1",
        "npm:react-dom@^18.3.1",
        "npm:react-dropzone@^14.3.8",
        "npm:react-hook-form@^7.53.0",
        "npm:react-resizable-panels@^2.1.3",
        "npm:react-router-dom@^6.26.2",
        "npm:react@^18.3.1",
        "npm:recharts@^2.12.7",
        "npm:resend@^4.7.0",
        "npm:sonner@^1.5.0",
        "npm:tailwind-merge@^2.5.2",
        "npm:tailwindcss-animate@^1.0.7",
        "npm:tailwindcss@^3.4.11",
        "npm:typescript-eslint@^8.0.1",
        "npm:typescript@^5.5.3",
        "npm:vaul@~0.9.3",
        "npm:vite@^5.4.1",
        "npm:zod@^3.23.8"
      ]
    }
  }
}
